# @generated by Move, please check-in and do not edit manually.

[move]
version = 3
manifest_digest = "AB4F21A501DC75DB4EB983DA2F42E29A7B60DF226D10338ABD91E65EDAEF51A5"
deps_digest = "F8BBB0CCB2491CA29A3DF03D6F92277A4F3574266507ACD77214D37ECA3F3082"
dependencies = [
  { id = "Sui", name = "Sui" },
]

[[move.package]]
id = "MoveStdlib"
source = { git = "https://github.com/MystenLabs/sui.git", rev = "framework/testnet", subdir = "crates\\sui-framework\\packages\\move-stdlib" }

[[move.package]]
id = "Sui"
source = { git = "https://github.com/MystenLabs/sui.git", rev = "framework/testnet", subdir = "crates/sui-framework/packages/sui-framework" }

dependencies = [
  { id = "MoveStdlib", name = "MoveStdlib" },
]

[move.toolchain-version]
compiler-version = "1.47.0"
edition = "2024.beta"
flavor = "sui"

[env]

[env.testnet]
chain-id = "4c78adac"
original-published-id = "0xa99c8b24de53973617958a26d2ea865c9528c748b69ffa3a49408a1dad678022"
latest-published-id = "0xa99c8b24de53973617958a26d2ea865c9528c748b69ffa3a49408a1dad678022"
published-version = "1"
